
Microsoft Visual Studio Solution File, Format Version 12.00
# Visual Studio Version 17
VisualStudioVersion = 17.8.34511.84
MinimumVisualStudioVersion = 10.0.40219.1
Project("{9A19103F-16F7-4668-BE54-9A1E7A4F7556}") = "TTSPlay.HT", "TTSPlay.HT.csproj", "{B57DBFAF-6D19-4F33-8B86-450FD5EE60DA}"
EndProject
Global
	GlobalSection(SolutionConfigurationPlatforms) = preSolution
		Debug|Any CPU = Debug|Any CPU
		Release|Any CPU = Release|Any CPU
	EndGlobalSection
	GlobalSection(ProjectConfigurationPlatforms) = postSolution
		{B57DBFAF-6D19-4F33-8B86-450FD5EE60DA}.Debug|Any CPU.ActiveCfg = Debug|Any CPU
		{B57DBFAF-6D19-4F33-8B86-450FD5EE60DA}.Debug|Any CPU.Build.0 = Debug|Any CPU
		{B57DBFAF-6D19-4F33-8B86-450FD5EE60DA}.Release|Any CPU.ActiveCfg = Release|Any CPU
		{B57DBFAF-6D19-4F33-8B86-450FD5EE60DA}.Release|Any CPU.Build.0 = Release|Any CPU
	EndGlobalSection
	GlobalSection(SolutionProperties) = preSolution
		HideSolutionNode = FALSE
	EndGlobalSection
	GlobalSection(ExtensibilityGlobals) = postSolution
		SolutionGuid = {8DF5AE6D-1353-4A24-8D7B-9F846985CB8A}
	EndGlobalSection
EndGlobal
